# This file is automatically @generated by Cargo.
# It is not intended for manual editing.
version = 4

[[package]]
name = "bitflags"
version = "1.3.2"
source = "registry+https://github.com/rust-lang/crates.io-index"
checksum = "bef38d45163c2f1dde094a7dfd33ccf595c92905c8f8f4fdc18d06fb1037718a"

[[package]]
name = "bitflags"
version = "2.13.0"
source = "registry+https://github.com/rust-lang/crates.io-index"
checksum = "b4388bee8683e3d04af747c73422af53102d2bd24d9eadb6cbc100baef4b43f8"

[[package]]
name = "byteorder"
version = "1.5.0"
source = "registry+https://github.com/rust-lang/crates.io-index"
checksum = "1fd0f2584146f6f2ef48085050886acf353beff7305ebd1ae69500e27c67f64b"

[[package]]
name = "cc"
version = "1.2.65"
source = "registry+https://github.com/rust-lang/crates.io-index"
checksum = "e228eec9be7c17ccb640b59b36a5cd805ea2a564a4c5e162c2f659fea30d3b96"
dependencies = [
 "find-msvc-tools",
 "shlex",
]

[[package]]
name = "cfg-if"
version = "1.0.4"
source = "registry+https://github.com/rust-lang/crates.io-index"
checksum = "9330f8b2ff13f34540b44e946ef35111825727b38d33286ef986142615121801"

[[package]]
name = "core-foundation"
version = "0.10.1"
source = "registry+https://github.com/rust-lang/crates.io-index"
checksum = "b2a6cd9ae233e7f62ba4e9353e81a88df7fc8a5987b8d445b4d90c879bd156f6"
dependencies = [
 "core-foundation-sys",
 "libc",
]

[[package]]
name = "core-foundation-sys"
version = "0.8.7"
source = "registry+https://github.com/rust-lang/crates.io-index"
checksum = "773648b94d0e5d620f64f280777445740e61fe701025087ec8b57f45c791888b"

[[package]]
name = "defmt"
version = "0.3.100"
source = "registry+https://github.com/rust-lang/crates.io-index"
checksum = "f0963443817029b2024136fc4dd07a5107eb8f977eaf18fcd1fdeb11306b64ad"
dependencies = [
 "defmt 1.1.1",
]

[[package]]
name = "defmt"
version = "1.1.1"
source = "registry+https://github.com/rust-lang/crates.io-index"
checksum = "e2953bfe4f93bbd20cc71198842756f77d161884c99ebbabc41d80231ded88d1"
dependencies = [
 "bitflags 1.3.2",
 "defmt-macros",
]

[[package]]
name = "defmt-macros"
version = "1.1.1"
source = "registry+https://github.com/rust-lang/crates.io-index"
checksum = "bad9c72e7ca2137e0dc3813245a0d282fd6daad32fd800af018306a9169b5fe8"
dependencies = [
 "defmt-parser",
 "proc-macro2",
 "quote",
 "syn",
]

[[package]]
name = "defmt-parser"
version = "1.0.0"
source = "registry+https://github.com/rust-lang/crates.io-index"
checksum = "10d60334b3b2e7c9d91ef8150abfb6fa4c1c39ebbcf4a81c2e346aad939fee3e"
dependencies = [
 "thiserror",
]

[[package]]
name = "find-msvc-tools"
version = "0.1.9"
source = "registry+https://github.com/rust-lang/crates.io-index"
checksum = "5baebc0774151f905a1a2cc41989300b1e6fbb29aff0ceffa1064fdd3088d582"

[[package]]
name = "hash32"
version = "0.3.1"
source = "registry+https://github.com/rust-lang/crates.io-index"
checksum = "47d60b12902ba28e2730cd37e95b8c9223af2808df9e902d4df49588d1470606"
dependencies = [
 "byteorder",
]

[[package]]
name = "heapless"
version = "0.8.0"
source = "registry+https://github.com/rust-lang/crates.io-index"
checksum = "0bfb9eb618601c89945a70e254898da93b13be0388091d42117462b265bb3fad"
dependencies = [
 "hash32",
 "stable_deref_trait",
]

[[package]]
name = "io-kit-sys"
version = "0.4.1"
source = "registry+https://github.com/rust-lang/crates.io-index"
checksum = "617ee6cf8e3f66f3b4ea67a4058564628cde41901316e19f559e14c7c72c5e7b"
dependencies = [
 "core-foundation-sys",
 "mach2",
]

[[package]]
name = "itoa"
version = "1.0.18"
source = "registry+https://github.com/rust-lang/crates.io-index"
checksum = "8f42a60cbdf9a97f5d2305f08a87dc4e09308d1276d28c869c684d7777685682"

[[package]]
name = "lamella-alloc"
version = "0.0.0"

[[package]]
name = "lamella-aot"
version = "0.0.0"
dependencies = [
 "lamella-asm-arm32",
 "lamella-asm-riscv32",
 "lamella-asm-wasm",
 "lamella-cil",
 "lamella-cmsis-dap",
 "lamella-cmsis-dap-sam",
 "lamella-elf",
 "lamella-ir",
 "lamella-link",
 "lamella-metadata",
 "lamella-token",
 "lamella-usbhid",
]

[[package]]
name = "lamella-asm-arm32"
version = "0.0.0"

[[package]]
name = "lamella-asm-riscv32"
version = "0.0.0"

[[package]]
name = "lamella-asm-wasm"
version = "0.0.0"

[[package]]
name = "lamella-assemble"
version = "0.0.0"
dependencies = [
 "lamella-binder",
 "lamella-cil",
 "lamella-metadata",
 "lamella-pe",
 "lamella-syntax",
 "lamella-token",
]

[[package]]
name = "lamella-binder"
version = "0.0.0"
dependencies = [
 "lamella-metadata",
 "lamella-syntax",
 "lamella-token",
]

[[package]]
name = "lamella-cil"
version = "0.0.0"
dependencies = [
 "lamella-token",
]

[[package]]
name = "lamella-cil-runtime"
version = "0.0.0"
dependencies = [
 "lamella-cil",
 "lamella-token",
 "libm",
]

[[package]]
name = "lamella-cmsis-dap"
version = "0.0.0"
dependencies = [
 "lamella-usbbulk",
 "lamella-usbhid",
]

[[package]]
name = "lamella-cmsis-dap-nrf"
version = "0.0.0"
dependencies = [
 "lamella-aot",
 "lamella-asm-arm32",
 "lamella-cmsis-dap",
 "lamella-elf",
 "lamella-firmware",
 "lamella-ir",
 "lamella-link",
 "lamella-py-frontend",
 "lamella-usbhid",
]

[[package]]
name = "lamella-cmsis-dap-rp2350"
version = "0.0.0"
dependencies = [
 "lamella-cmsis-dap",
 "lamella-usbbulk",
]

[[package]]
name = "lamella-cmsis-dap-sam"
version = "0.0.0"
dependencies = [
 "lamella-cmsis-dap",
 "lamella-usbhid",
]

[[package]]
name = "lamella-cmsis-dap-stm32"
version = "0.0.0"
dependencies = [
 "lamella-cmsis-dap",
 "lamella-usbhid",
]

[[package]]
name = "lamella-dap"
version = "0.0.0"
dependencies = [
 "lamella-assemble",
 "lamella-cil",
 "lamella-cil-runtime",
 "lamella-debug-backend",
 "lamella-load",
 "lamella-metadata",
 "lamella-token",
 "lamella-wire",
 "lamella-wireline",
 "serde",
 "serde_json",
]

[[package]]
name = "lamella-debug-backend"
version = "0.0.0"

[[package]]
name = "lamella-debug-device"
version = "0.0.0"
dependencies = [
 "lamella-aot",
 "lamella-cmsis-dap",
 "lamella-cmsis-dap-nrf",
 "lamella-dap",
 "lamella-debug-backend",
 "lamella-metadata",
 "lamella-usbhid",
]

[[package]]
name = "lamella-elf"
version = "0.0.0"

[[package]]
name = "lamella-firmware"
version = "0.1.0"
dependencies = [
 "lamella-aot",
 "lamella-elf",
 "lamella-link",
]

[[package]]
name = "lamella-gc"
version = "0.0.0"

[[package]]
name = "lamella-ir"
version = "0.0.0"

[[package]]
name = "lamella-link"
version = "0.0.0"
dependencies = [
 "lamella-elf",
]

[[package]]
name = "lamella-load"
version = "0.0.0"
dependencies = [
 "lamella-cil",
 "lamella-cil-runtime",
 "lamella-metadata",
 "lamella-token",
]

[[package]]
name = "lamella-mcp-csharp"
version = "0.0.0"
dependencies = [
 "lamella-wireline",
 "serde_json",
]

[[package]]
name = "lamella-metadata"
version = "0.0.0"
dependencies = [
 "lamella-cil",
 "lamella-token",
]

[[package]]
name = "lamella-mmio"
version = "0.0.0"

[[package]]
name = "lamella-net-smoltcp"
version = "0.0.0"
dependencies = [
 "lamella-cil-runtime",
 "smoltcp",
]

[[package]]
name = "lamella-pe"
version = "0.0.0"
dependencies = [
 "lamella-metadata",
 "lamella-token",
]

[[package]]
name = "lamella-py-bytecode"
version = "0.0.0"

[[package]]
name = "lamella-py-frontend"
version = "0.0.0"
dependencies = [
 "lamella-aot",
 "lamella-asm-arm32",
 "lamella-ir",
 "lamella-py-bytecode",
]

[[package]]
name = "lamella-py-runtime"
version = "0.0.0"
dependencies = [
 "lamella-gc",
 "lamella-py-bytecode",
 "lamella-py-frontend",
 "lamella-unicode",
 "libm",
]

[[package]]
name = "lamella-repl"
version = "0.0.0"
dependencies = [
 "lamella-assemble",
 "lamella-cil-runtime",
 "lamella-load",
 "lamella-metadata",
]

[[package]]
name = "lamella-runner"
version = "0.0.0"
dependencies = [
 "lamella-cil-runtime",
 "lamella-load",
 "lamella-metadata",
 "lamella-mmio",
 "lamella-wire",
]

[[package]]
name = "lamella-syntax"
version = "0.0.0"
dependencies = [
 "lamella-unicode",
]

[[package]]
name = "lamella-tls-mbedtls"
version = "0.0.0"
dependencies = [
 "cc",
 "lamella-cil-runtime",
]

[[package]]
name = "lamella-token"
version = "0.0.0"

[[package]]
name = "lamella-unicode"
version = "0.0.0"

[[package]]
name = "lamella-usbbulk"
version = "0.0.0"
dependencies = [
 "libc",
 "windows-sys 0.59.0",
]

[[package]]
name = "lamella-usbhid"
version = "0.0.0"
dependencies = [
 "windows-sys 0.59.0",
]

[[package]]
name = "lamella-wasm"
version = "0.0.0"
dependencies = [
 "lamella-aot",
 "lamella-assemble",
 "lamella-binder",
 "lamella-cil-runtime",
 "lamella-dap",
 "lamella-load",
 "lamella-metadata",
 "lamella-py-frontend",
 "lamella-py-runtime",
 "lamella-syntax",
 "lamella-token",
 "lamella-wireline",
 "serde_json",
]

[[package]]
name = "lamella-wch-link"
version = "0.0.0"
dependencies = [
 "lamella-usbbulk",
]

[[package]]
name = "lamella-winc1500"
version = "0.0.0"
dependencies = [
 "lamella-cil-runtime",
 "lamella-cmsis-dap",
 "lamella-cmsis-dap-sam",
 "lamella-usbhid",
]

[[package]]
name = "lamella-wire"
version = "0.0.0"

[[package]]
name = "lamella-wireline"
version = "0.0.0"
dependencies = [
 "lamella-assemble",
 "lamella-debug-backend",
 "lamella-load",
 "lamella-metadata",
 "lamella-runner",
 "lamella-usbbulk",
 "lamella-wire",
 "serde",
 "serde_json",
 "serialport",
]

[[package]]
name = "lcsc"
version = "0.0.0"
dependencies = [
 "lamella-assemble",
 "lamella-metadata",
 "lamella-syntax",
 "windows-sys 0.59.0",
]

[[package]]
name = "libc"
version = "0.2.186"
source = "registry+https://github.com/rust-lang/crates.io-index"
checksum = "68ab91017fe16c622486840e4c83c9a37afeff978bd239b5293d61ece587de66"

[[package]]
name = "libm"
version = "0.2.16"
source = "registry+https://github.com/rust-lang/crates.io-index"
checksum = "b6d2cec3eae94f9f509c767b45932f1ada8350c4bdb85af2fcab4a3c14807981"

[[package]]
name = "libudev"
version = "0.3.0"
source = "registry+https://github.com/rust-lang/crates.io-index"
checksum = "78b324152da65df7bb95acfcaab55e3097ceaab02fb19b228a9eb74d55f135e0"
dependencies = [
 "libc",
 "libudev-sys",
]

[[package]]
name = "libudev-sys"
version = "0.1.4"
source = "registry+https://github.com/rust-lang/crates.io-index"
checksum = "3c8469b4a23b962c1396b9b451dda50ef5b283e8dd309d69033475fa9b334324"
dependencies = [
 "libc",
 "pkg-config",
]

[[package]]
name = "mach2"
version = "0.4.3"
source = "registry+https://github.com/rust-lang/crates.io-index"
checksum = "d640282b302c0bb0a2a8e0233ead9035e3bed871f0b7e81fe4a1ec829765db44"
dependencies = [
 "libc",
]

[[package]]
name = "managed"
version = "0.8.0"
source = "registry+https://github.com/rust-lang/crates.io-index"
checksum = "0ca88d725a0a943b096803bd34e73a4437208b6077654cc4ecb2947a5f91618d"

[[package]]
name = "memchr"
version = "2.8.2"
source = "registry+https://github.com/rust-lang/crates.io-index"
checksum = "88904434abc2901f197fe8cc55f0445e7ded921dba5911dad2e2b39b48e663c4"

[[package]]
name = "nix"
version = "0.26.4"
source = "registry+https://github.com/rust-lang/crates.io-index"
checksum = "598beaf3cc6fdd9a5dfb1630c2800c7acd31df7aaf0f565796fba2b53ca1af1b"
dependencies = [
 "bitflags 1.3.2",
 "cfg-if",
 "libc",
]

[[package]]
name = "pkg-config"
version = "0.3.33"
source = "registry+https://github.com/rust-lang/crates.io-index"
checksum = "19f132c84eca552bf34cab8ec81f1c1dcc229b811638f9d283dceabe58c5569e"

[[package]]
name = "proc-macro2"
version = "1.0.106"
source = "registry+https://github.com/rust-lang/crates.io-index"
checksum = "8fd00f0bb2e90d81d1044c2b32617f68fcb9fa3bb7640c23e9c748e53fb30934"
dependencies = [
 "unicode-ident",
]

[[package]]
name = "quote"
version = "1.0.45"
source = "registry+https://github.com/rust-lang/crates.io-index"
checksum = "41f2619966050689382d2b44f664f4bc593e129785a36d6ee376ddf37259b924"
dependencies = [
 "proc-macro2",
]

[[package]]
name = "scopeguard"
version = "1.2.0"
source = "registry+https://github.com/rust-lang/crates.io-index"
checksum = "94143f37725109f92c262ed2cf5e59bce7498c01bcc1502d7b9afe439a4e9f49"

[[package]]
name = "serde"
version = "1.0.228"
source = "registry+https://github.com/rust-lang/crates.io-index"
checksum = "9a8e94ea7f378bd32cbbd37198a4a91436180c5bb472411e48b5ec2e2124ae9e"
dependencies = [
 "serde_core",
 "serde_derive",
]

[[package]]
name = "serde_core"
version = "1.0.228"
source = "registry+https://github.com/rust-lang/crates.io-index"
checksum = "41d385c7d4ca58e59fc732af25c3983b67ac852c1a25000afe1175de458b67ad"
dependencies = [
 "serde_derive",
]

[[package]]
name = "serde_derive"
version = "1.0.228"
source = "registry+https://github.com/rust-lang/crates.io-index"
checksum = "d540f220d3187173da220f885ab66608367b6574e925011a9353e4badda91d79"
dependencies = [
 "proc-macro2",
 "quote",
 "syn",
]

[[package]]
name = "serde_json"
version = "1.0.150"
source = "registry+https://github.com/rust-lang/crates.io-index"
checksum = "e8014e44b4736ed0538adeecded0fce2a272f22dc9578a7eb6b2d9993c74cfb9"
dependencies = [
 "itoa",
 "memchr",
 "serde",
 "serde_core",
 "zmij",
]

[[package]]
name = "serialport"
version = "4.9.0"
source = "registry+https://github.com/rust-lang/crates.io-index"
checksum = "a4d91116f97173694f1642263b2ff837f80d933aa837e2314969f6728f661df3"
dependencies = [
 "bitflags 2.13.0",
 "cfg-if",
 "core-foundation",
 "core-foundation-sys",
 "io-kit-sys",
 "libudev",
 "mach2",
 "nix",
 "scopeguard",
 "unescaper",
 "windows-sys 0.52.0",
]

[[package]]
name = "shlex"
version = "2.0.1"
source = "registry+https://github.com/rust-lang/crates.io-index"
checksum = "f8fadd59c855ef2080decdef8ff161eb6661b86933c9d82e5ba29dc602a55aba"

[[package]]
name = "smoltcp"
version = "0.12.0"
source = "registry+https://github.com/rust-lang/crates.io-index"
checksum = "dad095989c1533c1c266d9b1e8d70a1329dd3723c3edac6d03bbd67e7bf6f4bb"
dependencies = [
 "bitflags 1.3.2",
 "byteorder",
 "cfg-if",
 "defmt 0.3.100",
 "heapless",
 "managed",
]

[[package]]
name = "stable_deref_trait"
version = "1.2.1"
source = "registry+https://github.com/rust-lang/crates.io-index"
checksum = "6ce2be8dc25455e1f91df71bfa12ad37d7af1092ae736f3a6cd0e37bc7810596"

[[package]]
name = "syn"
version = "2.0.118"
source = "registry+https://github.com/rust-lang/crates.io-index"
checksum = "1b9ae57f904213ebb649ce6895b8a66c66f0203b9319718f69a5612a065b1422"
dependencies = [
 "proc-macro2",
 "quote",
 "unicode-ident",
]

[[package]]
name = "thiserror"
version = "2.0.18"
source = "registry+https://github.com/rust-lang/crates.io-index"
checksum = "4288b5bcbc7920c07a1149a35cf9590a2aa808e0bc1eafaade0b80947865fbc4"
dependencies = [
 "thiserror-impl",
]

[[package]]
name = "thiserror-impl"
version = "2.0.18"
source = "registry+https://github.com/rust-lang/crates.io-index"
checksum = "ebc4ee7f67670e9b64d05fa4253e753e016c6c95ff35b89b7941d6b856dec1d5"
dependencies = [
 "proc-macro2",
 "quote",
 "syn",
]

[[package]]
name = "unescaper"
version = "0.1.8"
source = "registry+https://github.com/rust-lang/crates.io-index"
checksum = "4064ed685c487dbc25bd3f0e9548f2e34bab9d18cefc700f9ec2dba74ba1138e"
dependencies = [
 "thiserror",
]

[[package]]
name = "unicode-ident"
version = "1.0.24"
source = "registry+https://github.com/rust-lang/crates.io-index"
checksum = "e6e4313cd5fcd3dad5cafa179702e2b244f760991f45397d14d4ebf38247da75"

[[package]]
name = "windows-sys"
version = "0.52.0"
source = "registry+https://github.com/rust-lang/crates.io-index"
checksum = "282be5f36a8ce781fad8c8ae18fa3f9beff57ec1b52cb3de0789201425d9a33d"
dependencies = [
 "windows-targets",
]

[[package]]
name = "windows-sys"
version = "0.59.0"
source = "registry+https://github.com/rust-lang/crates.io-index"
checksum = "1e38bc4d79ed67fd075bcc251a1c39b32a1776bbe92e5bef1f0bf1f8c531853b"
dependencies = [
 "windows-targets",
]

[[package]]
name = "windows-targets"
version = "0.52.6"
source = "registry+https://github.com/rust-lang/crates.io-index"
checksum = "9b724f72796e036ab90c1021d4780d4d3d648aca59e491e6b98e725b84e99973"
dependencies = [
 "windows_aarch64_gnullvm",
 "windows_aarch64_msvc",
 "windows_i686_gnu",
 "windows_i686_gnullvm",
 "windows_i686_msvc",
 "windows_x86_64_gnu",
 "windows_x86_64_gnullvm",
 "windows_x86_64_msvc",
]

[[package]]
name = "windows_aarch64_gnullvm"
version = "0.52.6"
source = "registry+https://github.com/rust-lang/crates.io-index"
checksum = "32a4622180e7a0ec044bb555404c800bc9fd9ec262ec147edd5989ccd0c02cd3"

[[package]]
name = "windows_aarch64_msvc"
version = "0.52.6"
source = "registry+https://github.com/rust-lang/crates.io-index"
checksum = "09ec2a7bb152e2252b53fa7803150007879548bc709c039df7627cabbd05d469"

[[package]]
name = "windows_i686_gnu"
version = "0.52.6"
source = "registry+https://github.com/rust-lang/crates.io-index"
checksum = "8e9b5ad5ab802e97eb8e295ac6720e509ee4c243f69d781394014ebfe8bbfa0b"

[[package]]
name = "windows_i686_gnullvm"
version = "0.52.6"
source = "registry+https://github.com/rust-lang/crates.io-index"
checksum = "0eee52d38c090b3caa76c563b86c3a4bd71ef1a819287c19d586d7334ae8ed66"

[[package]]
name = "windows_i686_msvc"
version = "0.52.6"
source = "registry+https://github.com/rust-lang/crates.io-index"
checksum = "240948bc05c5e7c6dabba28bf89d89ffce3e303022809e73deaefe4f6ec56c66"

[[package]]
name = "windows_x86_64_gnu"
version = "0.52.6"
source = "registry+https://github.com/rust-lang/crates.io-index"
checksum = "147a5c80aabfbf0c7d901cb5895d1de30ef2907eb21fbbab29ca94c5b08b1a78"

[[package]]
name = "windows_x86_64_gnullvm"
version = "0.52.6"
source = "registry+https://github.com/rust-lang/crates.io-index"
checksum = "24d5b23dc417412679681396f2b49f3de8c1473deb516bd34410872eff51ed0d"

[[package]]
name = "windows_x86_64_msvc"
version = "0.52.6"
source = "registry+https://github.com/rust-lang/crates.io-index"
checksum = "589f6da84c646204747d1270a2a5661ea66ed1cced2631d546fdfb155959f9ec"

[[package]]
name = "zmij"
version = "1.0.21"
source = "registry+https://github.com/rust-lang/crates.io-index"
checksum = "b8848ee67ecc8aedbaf3e4122217aff892639231befc6a1b58d29fff4c2cabaa"
